{
  "name": "snomed-expression",
  "version": "0.0.1",
  "lockfileVersion": 1,
  "requires": true,
  "dependencies": {
    "apg": {
      "version": "3.1.1",
      "resolved": "https://registry.npmjs.org/apg/-/apg-3.1.1.tgz",
      "integrity": "sha1-gOIOtEBF7GQmGeIU0EUMHqWsE6c=",
      "requires": {
        "apg-api": "1.0.0",
        "apg-conv-api": "1.0.0",
        "apg-lib": "3.1.0"
      },
      "dependencies": {
        "apg-lib": {
          "version": "3.1.0",
          "resolved": "https://registry.npmjs.org/apg-lib/-/apg-lib-3.1.0.tgz",
          "integrity": "sha1-sU9WFfG0X26B8B+4GWzCqp+I3ro=",
          "requires": {
            "apg-conv-api": "1.0.0"
          }
        }
      }
    },
    "apg-api": {
      "version": "1.0.0",
      "resolved": "https://registry.npmjs.org/apg-api/-/apg-api-1.0.0.tgz",
      "integrity": "sha1-Qk3iuthC0J25uN6+2Yvfv3v98kU=",
      "requires": {
        "apg-conv-api": "1.0.0",
        "apg-lib": "3.1.0"
      },
      "dependencies": {
        "apg-lib": {
          "version": "3.1.0",
          "resolved": "https://registry.npmjs.org/apg-lib/-/apg-lib-3.1.0.tgz",
          "integrity": "sha1-sU9WFfG0X26B8B+4GWzCqp+I3ro=",
          "requires": {
            "apg-conv-api": "1.0.0"
          }
        }
      }
    },
    "apg-conv-api": {
      "version": "1.0.0",
      "resolved": "https://registry.npmjs.org/apg-conv-api/-/apg-conv-api-1.0.0.tgz",
      "integrity": "sha1-JoUH7ah8+YGt1++L1oYm9W2tgzE="
    },
    "apg-lib": {
      "version": "3.2.0",
      "resolved": "https://registry.npmjs.org/apg-lib/-/apg-lib-3.2.0.tgz",
      "integrity": "sha512-igSp4Zoq47Brp9B2mKXXE7tleC+bLWgMTgYSGCb5UIs3w+xz/qwCh2drtp7kyRtTN6GFcAwD3pXtqwtdfg+EHw==",
      "requires": {
        "apg-conv-api": "1.0.0"
      }
    }
  }
}
